<?xml version="1.0" encoding="utf-8"?>
<Project ToolsVersion="4.0" xmlns="http://schemas.microsoft.com/developer/msbuild/2003">
  <ItemGroup>
    <Filter Include="Source Files">
      <UniqueIdentifier>{4FC737F1-C7A5-4376-A066-2A32D752A2FF}</UniqueIdentifier>
      <Extensions>cpp;c;cc;cxx;def;odl;idl;hpj;bat;asm;asmx</Extensions>
    </Filter>
    <Filter Include="Header Files">
      <UniqueIdentifier>{93995380-89BD-4b04-88EB-625FBE52EBFB}</UniqueIdentifier>
      <Extensions>h;hh;hpp;hxx;hm;inl;inc;ipp;xsd</Extensions>
    </Filter>
    <Filter Include="Resource Files">
      <UniqueIdentifier>{67DA6AB6-F800-4c08-8B7A-83BB121AAD01}</UniqueIdentifier>
      <Extensions>rc;ico;cur;bmp;dlg;rc2;rct;bin;rgs;gif;jpg;jpeg;jpe;resx;tiff;tif;png;wav;mfcribbon-ms</Extensions>
    </Filter>
    <Filter Include="Header Files\FloatGenerator">
      <UniqueIdentifier>{23badf31-014c-466e-a11e-df2b84439ff0}</UniqueIdentifier>
    </Filter>
    <Filter Include="Header Files\Interfaces">
      <UniqueIdentifier>{dd5c8a12-91c8-47c6-a8fc-26dd5c5e9bba}</UniqueIdentifier>
    </Filter>
    <Filter Include="Header Files\Misc">
      <UniqueIdentifier>{a6c06d30-8bc0-4025-b065-d812a9e5fccf}</UniqueIdentifier>
    </Filter>
    <Filter Include="Header Files\Model">
      <UniqueIdentifier>{e60c793f-a35c-480a-be61-f6c7c57253e4}</UniqueIdentifier>
    </Filter>
    <Filter Include="Source Files\DoubleGenerator">
      <UniqueIdentifier>{e74c311c-a087-4822-a156-9f49e0cebd0f}</UniqueIdentifier>
    </Filter>
    <Filter Include="Source Files\Model">
      <UniqueIdentifier>{25df8c5d-4a7c-4632-b98c-bed3f0f21bf5}</UniqueIdentifier>
    </Filter>
  </ItemGroup>
  <ItemGroup>
    <ClInclude Include="targetver.h">
      <Filter>Header Files</Filter>
    </ClInclude>
    <ClInclude Include="..\NeuralNetworks\FloatGenerator.h">
      <Filter>Header Files\FloatGenerator</Filter>
    </ClInclude>
    <ClInclude Include="..\NeuralNetworks\IFloatSource.h">
      <Filter>Header Files\Interfaces</Filter>
    </ClInclude>
    <ClInclude Include="..\NeuralNetworks\FloatReader.h">
      <Filter>Header Files\Misc</Filter>
    </ClInclude>
    <ClInclude Include="..\NeuralNetworks\ThreadBlockWrapper.h">
      <Filter>Header Files\Misc</Filter>
    </ClInclude>
    <ClInclude Include="..\NeuralNetworks\Digit.h">
      <Filter>Header Files\Model</Filter>
    </ClInclude>
    <ClInclude Include="..\NeuralNetworks\DigitDataSet.h">
      <Filter>Header Files\Model</Filter>
    </ClInclude>
    <ClInclude Include="Controller.h">
      <Filter>Header Files</Filter>
    </ClInclude>
    <ClInclude Include="Digit.h">
      <Filter>Header Files</Filter>
    </ClInclude>
    <ClInclude Include="DigitDataSet.h">
      <Filter>Header Files</Filter>
    </ClInclude>
    <ClInclude Include="FloatGenerator.h">
      <Filter>Header Files</Filter>
    </ClInclude>
    <ClInclude Include="FloatReader.h">
      <Filter>Header Files</Filter>
    </ClInclude>
    <ClInclude Include="IFloatSource.h">
      <Filter>Header Files</Filter>
    </ClInclude>
    <ClInclude Include="INet.h">
      <Filter>Header Files</Filter>
    </ClInclude>
    <ClInclude Include="Layer.h">
      <Filter>Header Files</Filter>
    </ClInclude>
    <ClInclude Include="Neuron.h">
      <Filter>Header Files</Filter>
    </ClInclude>
    <ClInclude Include="Perceptron.h">
      <Filter>Header Files</Filter>
    </ClInclude>
    <ClInclude Include="Result.h">
      <Filter>Header Files</Filter>
    </ClInclude>
    <ClInclude Include="RuntimeException.h">
      <Filter>Header Files</Filter>
    </ClInclude>
    <ClInclude Include="Sigmoid.h">
      <Filter>Header Files</Filter>
    </ClInclude>
    <ClInclude Include="StructureException.h">
      <Filter>Header Files</Filter>
    </ClInclude>
    <ClInclude Include="ThreadBlockWrapper.h">
      <Filter>Header Files</Filter>
    </ClInclude>
    <ClInclude Include="Trainer.h">
      <Filter>Header Files</Filter>
    </ClInclude>
  </ItemGroup>
  <ItemGroup>
    <ClCompile Include="dllmain.cpp">
      <Filter>Source Files</Filter>
    </ClCompile>
    <ClCompile Include="..\NeuralNetworks\DoubleGenerator.cpp">
      <Filter>Source Files\DoubleGenerator</Filter>
    </ClCompile>
    <ClCompile Include="..\NeuralNetworks\Digit.cpp">
      <Filter>Source Files\Model</Filter>
    </ClCompile>
    <ClCompile Include="..\NeuralNetworks\DigitDataSet.cpp">
      <Filter>Source Files\Model</Filter>
    </ClCompile>
    <ClCompile Include="NNDLL.cpp">
      <Filter>Source Files</Filter>
    </ClCompile>
    <ClCompile Include="Controller.cpp">
      <Filter>Source Files</Filter>
    </ClCompile>
    <ClCompile Include="Digit.cpp">
      <Filter>Source Files</Filter>
    </ClCompile>
    <ClCompile Include="DigitDataSet.cpp">
      <Filter>Source Files</Filter>
    </ClCompile>
    <ClCompile Include="DoubleGenerator.cpp">
      <Filter>Source Files</Filter>
    </ClCompile>
    <ClCompile Include="Layer.cpp">
      <Filter>Source Files</Filter>
    </ClCompile>
    <ClCompile Include="Neuron.cpp">
      <Filter>Source Files</Filter>
    </ClCompile>
    <ClCompile Include="Perceptron.cpp">
      <Filter>Source Files</Filter>
    </ClCompile>
    <ClCompile Include="Trainer.cpp">
      <Filter>Source Files</Filter>
    </ClCompile>
  </ItemGroup>
</Project>