<?xml version="1.0" encoding="utf-8"?>
<Project ToolsVersion="4.0" xmlns="http://schemas.microsoft.com/developer/msbuild/2003">
  <ItemGroup>
    <Filter Include="Source Files">
      <UniqueIdentifier>{4FC737F1-C7A5-4376-A066-2A32D752A2FF}</UniqueIdentifier>
      <Extensions>cpp;c;cc;cxx;def;odl;idl;hpj;bat;asm;asmx</Extensions>
    </Filter>
    <Filter Include="Header Files">
      <UniqueIdentifier>{93995380-89BD-4b04-88EB-625FBE52EBFB}</UniqueIdentifier>
      <Extensions>h;hh;hpp;hxx;hm;inl;inc;ipp;xsd</Extensions>
    </Filter>
    <Filter Include="Resource Files">
      <UniqueIdentifier>{67DA6AB6-F800-4c08-8B7A-83BB121AAD01}</UniqueIdentifier>
      <Extensions>rc;ico;cur;bmp;dlg;rc2;rct;bin;rgs;gif;jpg;jpeg;jpe;resx;tiff;tif;png;wav;mfcribbon-ms</Extensions>
    </Filter>
    <Filter Include="Header Files\Model">
      <UniqueIdentifier>{d0908416-4710-41fb-bdca-d550defd3147}</UniqueIdentifier>
    </Filter>
    <Filter Include="Source Files\Model">
      <UniqueIdentifier>{8377a362-ba91-4f86-9b89-e1e4d6e3dd43}</UniqueIdentifier>
    </Filter>
    <Filter Include="Source Files\DoubleGenerator">
      <UniqueIdentifier>{ba06dc8c-986b-411f-9b8a-adbf4a3969ed}</UniqueIdentifier>
    </Filter>
    <Filter Include="Header Files\Interfaces">
      <UniqueIdentifier>{10b45432-5d8e-48c2-8991-9314d341983c}</UniqueIdentifier>
    </Filter>
    <Filter Include="Header Files\NN">
      <UniqueIdentifier>{ca5182b3-8223-415b-a45c-d58b8f8f5242}</UniqueIdentifier>
    </Filter>
    <Filter Include="Header Files\NN\Interfaces">
      <UniqueIdentifier>{a71a01bb-c71f-4e55-8918-00585b8cd899}</UniqueIdentifier>
    </Filter>
    <Filter Include="Header Files\NN\Training">
      <UniqueIdentifier>{785a7081-9fd2-4375-9ade-42ad2c74abff}</UniqueIdentifier>
    </Filter>
    <Filter Include="Header Files\NN\Enums">
      <UniqueIdentifier>{dc62ae80-60c2-40e6-a32b-d103e5fc0aa6}</UniqueIdentifier>
    </Filter>
    <Filter Include="Header Files\NN\Network components">
      <UniqueIdentifier>{eaedff74-510c-43ef-a02b-e820753bab46}</UniqueIdentifier>
    </Filter>
    <Filter Include="Header Files\NN\Neural Networks">
      <UniqueIdentifier>{e14805af-c455-45f4-894c-83b0039000df}</UniqueIdentifier>
    </Filter>
    <Filter Include="Header Files\NN\Activation functions">
      <UniqueIdentifier>{953770a5-966d-47c6-bd60-b32785d1c9c4}</UniqueIdentifier>
    </Filter>
    <Filter Include="Header Files\NN\Exceptions">
      <UniqueIdentifier>{ca655b2b-3c48-4a3d-8e24-38821d9be5bb}</UniqueIdentifier>
    </Filter>
    <Filter Include="Header Files\Controllers">
      <UniqueIdentifier>{b2e27f3f-dcd8-4cee-8b00-71bd3f333363}</UniqueIdentifier>
    </Filter>
    <Filter Include="Header Files\Misc">
      <UniqueIdentifier>{af9413ab-764b-456c-8590-35f99e248eb9}</UniqueIdentifier>
    </Filter>
    <Filter Include="Source Files\NN">
      <UniqueIdentifier>{60b10c0e-f670-4e09-9257-38c27e87293e}</UniqueIdentifier>
    </Filter>
    <Filter Include="Source Files\NN\Neural networks">
      <UniqueIdentifier>{75fb0e78-ced0-4ec5-bc85-be52850c0bb9}</UniqueIdentifier>
    </Filter>
    <Filter Include="Source Files\NN\Network components">
      <UniqueIdentifier>{4a60506d-57a5-42d3-997f-7602df9ba19e}</UniqueIdentifier>
    </Filter>
    <Filter Include="Source Files\NN\Training">
      <UniqueIdentifier>{6a3428ac-23d8-46d7-8b6b-571feebbc2c3}</UniqueIdentifier>
    </Filter>
    <Filter Include="Source Files\Controllers">
      <UniqueIdentifier>{c840eab7-1818-4098-a160-bd70cdf7ed0d}</UniqueIdentifier>
    </Filter>
    <Filter Include="Header Files\FloatGenerator">
      <UniqueIdentifier>{39c7a74a-d782-4f1d-bb5b-a74ac0c2ecd7}</UniqueIdentifier>
    </Filter>
    <Filter Include="Header Files\View">
      <UniqueIdentifier>{11b1f1ff-fcb4-48fe-b099-0fd3a593250a}</UniqueIdentifier>
    </Filter>
    <Filter Include="Source Files\NewFilter1">
      <UniqueIdentifier>{f24e90a7-c2c2-453a-b2e9-a99f6b5cb839}</UniqueIdentifier>
    </Filter>
  </ItemGroup>
  <ItemGroup>
    <ClCompile Include="DigitDataSet.cpp">
      <Filter>Source Files\Model</Filter>
    </ClCompile>
    <ClCompile Include="Digit.cpp">
      <Filter>Source Files\Model</Filter>
    </ClCompile>
    <ClCompile Include="DoubleGenerator.cpp">
      <Filter>Source Files\DoubleGenerator</Filter>
    </ClCompile>
    <ClCompile Include="Controller.cpp">
      <Filter>Source Files\Controllers</Filter>
    </ClCompile>
    <ClCompile Include="Sigmoid.h">
      <Filter>Header Files\NN\Activation functions</Filter>
    </ClCompile>
    <ClCompile Include="Perceptron.cpp">
      <Filter>Source Files\NN\Neural networks</Filter>
    </ClCompile>
    <ClCompile Include="Layer.cpp">
      <Filter>Source Files\NN\Network components</Filter>
    </ClCompile>
    <ClCompile Include="Neuron.cpp">
      <Filter>Source Files\NN\Network components</Filter>
    </ClCompile>
    <ClCompile Include="Trainer.cpp">
      <Filter>Source Files\NN\Training</Filter>
    </ClCompile>
    <ClCompile Include="main.cpp">
      <Filter>Source Files</Filter>
    </ClCompile>
  </ItemGroup>
  <ItemGroup>
    <ClInclude Include="Digit.h">
      <Filter>Header Files\Model</Filter>
    </ClInclude>
    <ClInclude Include="DigitDataSet.h">
      <Filter>Header Files\Model</Filter>
    </ClInclude>
    <ClInclude Include="Console.h">
      <Filter>Header Files\View</Filter>
    </ClInclude>
    <ClInclude Include="NetTypes.h">
      <Filter>Header Files\NN\Enums</Filter>
    </ClInclude>
    <ClInclude Include="RuntimeException.h">
      <Filter>Header Files\NN\Exceptions</Filter>
    </ClInclude>
    <ClInclude Include="StructureException.h">
      <Filter>Header Files\NN\Exceptions</Filter>
    </ClInclude>
    <ClInclude Include="Perceptron.h">
      <Filter>Header Files\NN\Neural Networks</Filter>
    </ClInclude>
    <ClInclude Include="Layer.h">
      <Filter>Header Files\NN\Network components</Filter>
    </ClInclude>
    <ClInclude Include="Neuron.h">
      <Filter>Header Files\NN\Network components</Filter>
    </ClInclude>
    <ClInclude Include="Result.h">
      <Filter>Header Files\NN\Training</Filter>
    </ClInclude>
    <ClInclude Include="Trainer.h">
      <Filter>Header Files\NN\Training</Filter>
    </ClInclude>
    <ClInclude Include="Controller.h">
      <Filter>Header Files\Controllers</Filter>
    </ClInclude>
    <ClInclude Include="INet.h">
      <Filter>Header Files\NN\Interfaces</Filter>
    </ClInclude>
    <ClInclude Include="FloatReader.h">
      <Filter>Header Files\Misc</Filter>
    </ClInclude>
    <ClInclude Include="FloatGenerator.h">
      <Filter>Header Files\FloatGenerator</Filter>
    </ClInclude>
    <ClInclude Include="IFloatSource.h">
      <Filter>Header Files\Interfaces</Filter>
    </ClInclude>
    <ClInclude Include="ThreadBlockWrapper.h">
      <Filter>Header Files\Misc</Filter>
    </ClInclude>
    <ClInclude Include="NeuralNetworks.cpp">
      <Filter>Source Files</Filter>
    </ClInclude>
  </ItemGroup>
  <ItemGroup>
    <None Include="exports.def">
      <Filter>Source Files</Filter>
    </None>
  </ItemGroup>
</Project>